Microsoft Visual Studio Solution File, Format Version 12.00
# Visual Studio 2013
VisualStudioVersion = 12.0.31101.0
MinimumVisualStudioVersion = 10.0.40219.1
Project("{FAE04EC0-301F-11D3-BF4B-00C04F79EFBC}") = "Noesis.Javascript.Tests.VS2013", "Tests\Noesis.Javascript.Tests\Noesis.Javascript.Tests.VS2013.csproj", "{3594F612-97BB-41C2-90A1-867E78812F4E}"
EndProject
Project("{8BC9CEB8-8B4A-11D0-8D11-00A0C91BC942}") = "Noesis.Javascript", "Source\Noesis.Javascript\Noesis.Javascript.VS2013.vcxproj", "{AF1D460B-D372-40F7-8DDB-3F6EE4489EB4}"
EndProject
Project("{2150E333-8FDC-42A3-9474-1A3956D46DE8}") = ".nuget", ".nuget", "{9A6BE263-E3CE-44AB-87B4-FBA19B155841}"
	ProjectSection(SolutionItems) = preProject
		.nuget\packages.config = .nuget\packages.config
	EndProjectSection
EndProject
Project("{FAE04EC0-301F-11D3-BF4B-00C04F79EFBC}") = "Fiddling", "Fiddling\Fiddling.csproj", "{9E0C9657-BC4C-4A25-B7DD-9C772FC5670D}"
EndProject
Global
	GlobalSection(SolutionConfigurationPlatforms) = preSolution
		Debug|Win32 = Debug|Win32
		Debug|x64 = Debug|x64
		Release|Win32 = Release|Win32
		Release|x64 = Release|x64
	EndGlobalSection
	GlobalSection(ProjectConfigurationPlatforms) = postSolution
		{3594F612-97BB-41C2-90A1-867E78812F4E}.Debug|Win32.ActiveCfg = Debug|x64
		{3594F612-97BB-41C2-90A1-867E78812F4E}.Debug|Win32.Build.0 = Debug|x64
		{3594F612-97BB-41C2-90A1-867E78812F4E}.Debug|x64.ActiveCfg = Debug|x64
		{3594F612-97BB-41C2-90A1-867E78812F4E}.Debug|x64.Build.0 = Debug|x64
		{3594F612-97BB-41C2-90A1-867E78812F4E}.Release|Win32.ActiveCfg = Release|x86
		{3594F612-97BB-41C2-90A1-867E78812F4E}.Release|Win32.Build.0 = Release|x86
		{3594F612-97BB-41C2-90A1-867E78812F4E}.Release|x64.ActiveCfg = Release|x64
		{3594F612-97BB-41C2-90A1-867E78812F4E}.Release|x64.Build.0 = Release|x64
		{AF1D460B-D372-40F7-8DDB-3F6EE4489EB4}.Debug|Win32.ActiveCfg = Debug|Win32
		{AF1D460B-D372-40F7-8DDB-3F6EE4489EB4}.Debug|Win32.Build.0 = Debug|Win32
		{AF1D460B-D372-40F7-8DDB-3F6EE4489EB4}.Debug|x64.ActiveCfg = Debug|x64
		{AF1D460B-D372-40F7-8DDB-3F6EE4489EB4}.Debug|x64.Build.0 = Debug|x64
		{AF1D460B-D372-40F7-8DDB-3F6EE4489EB4}.Release|Win32.ActiveCfg = Release|Win32
		{AF1D460B-D372-40F7-8DDB-3F6EE4489EB4}.Release|Win32.Build.0 = Release|Win32
		{AF1D460B-D372-40F7-8DDB-3F6EE4489EB4}.Release|x64.ActiveCfg = Release|x64
		{AF1D460B-D372-40F7-8DDB-3F6EE4489EB4}.Release|x64.Build.0 = Release|x64
		{9E0C9657-BC4C-4A25-B7DD-9C772FC5670D}.Debug|Win32.ActiveCfg = Debug|x64
		{9E0C9657-BC4C-4A25-B7DD-9C772FC5670D}.Debug|Win32.Build.0 = Debug|x64
		{9E0C9657-BC4C-4A25-B7DD-9C772FC5670D}.Debug|x64.ActiveCfg = Debug|x64
		{9E0C9657-BC4C-4A25-B7DD-9C772FC5670D}.Debug|x64.Build.0 = Debug|x64
		{9E0C9657-BC4C-4A25-B7DD-9C772FC5670D}.Release|Win32.ActiveCfg = Release|x86
		{9E0C9657-BC4C-4A25-B7DD-9C772FC5670D}.Release|Win32.Build.0 = Release|x86
		{9E0C9657-BC4C-4A25-B7DD-9C772FC5670D}.Release|x64.ActiveCfg = Release|x64
		{9E0C9657-BC4C-4A25-B7DD-9C772FC5670D}.Release|x64.Build.0 = Release|x64
	EndGlobalSection
	GlobalSection(SolutionProperties) = preSolution
		HideSolutionNode = FALSE
	EndGlobalSection
EndGlobal
