
Microsoft Visual Studio Solution File, Format Version 10.00
# Visual Studio 2008
Project("{8BC9CEB8-8B4A-11D0-8D11-00A0C91BC942}") = "Noesis.Javascript", "Source\Noesis.Javascript\noesis.javascript.vcproj", "{AF1D460B-D372-40F7-8DDB-3F6EE4489EB4}"
EndProject
Project("{8BC9CEB8-8B4A-11D0-8D11-00A0C91BC942}") = "noesis_v8", "Externals\v8\tools\visual_studio\noesis_v8.vcproj", "{21E22961-22BF-4493-BD3A-868F93DA5179}"
EndProject
Project("{8BC9CEB8-8B4A-11D0-8D11-00A0C91BC942}") = "noesis_v8_base", "Externals\v8\tools\visual_studio\noesis_v8_base.vcproj", "{EC8B7909-62AF-470D-A75D-E1D89C837142}"
EndProject
Global
	GlobalSection(SolutionConfigurationPlatforms) = preSolution
		Debug|Any CPU = Debug|Any CPU
		Debug|Mixed Platforms = Debug|Mixed Platforms
		Debug|Win32 = Debug|Win32
		Debug|x86 = Debug|x86
		Release|Any CPU = Release|Any CPU
		Release|Mixed Platforms = Release|Mixed Platforms
		Release|Win32 = Release|Win32
		Release|x86 = Release|x86
	EndGlobalSection
	GlobalSection(ProjectConfigurationPlatforms) = postSolution
		{AF1D460B-D372-40F7-8DDB-3F6EE4489EB4}.Debug|Any CPU.ActiveCfg = Debug|Win32
		{AF1D460B-D372-40F7-8DDB-3F6EE4489EB4}.Debug|Mixed Platforms.ActiveCfg = Debug|Win32
		{AF1D460B-D372-40F7-8DDB-3F6EE4489EB4}.Debug|Mixed Platforms.Build.0 = Debug|Win32
		{AF1D460B-D372-40F7-8DDB-3F6EE4489EB4}.Debug|Win32.ActiveCfg = Debug|Win32
		{AF1D460B-D372-40F7-8DDB-3F6EE4489EB4}.Debug|Win32.Build.0 = Debug|Win32
		{AF1D460B-D372-40F7-8DDB-3F6EE4489EB4}.Debug|x86.ActiveCfg = Debug|Win32
		{AF1D460B-D372-40F7-8DDB-3F6EE4489EB4}.Debug|x86.Build.0 = Debug|Win32
		{AF1D460B-D372-40F7-8DDB-3F6EE4489EB4}.Release|Any CPU.ActiveCfg = Release|Win32
		{AF1D460B-D372-40F7-8DDB-3F6EE4489EB4}.Release|Mixed Platforms.ActiveCfg = Release|Win32
		{AF1D460B-D372-40F7-8DDB-3F6EE4489EB4}.Release|Mixed Platforms.Build.0 = Release|Win32
		{AF1D460B-D372-40F7-8DDB-3F6EE4489EB4}.Release|Win32.ActiveCfg = Release|Win32
		{AF1D460B-D372-40F7-8DDB-3F6EE4489EB4}.Release|Win32.Build.0 = Release|Win32
		{AF1D460B-D372-40F7-8DDB-3F6EE4489EB4}.Release|x86.ActiveCfg = Release|Win32
		{21E22961-22BF-4493-BD3A-868F93DA5179}.Debug|Any CPU.ActiveCfg = Debug|Win32
		{21E22961-22BF-4493-BD3A-868F93DA5179}.Debug|Mixed Platforms.ActiveCfg = Debug|Win32
		{21E22961-22BF-4493-BD3A-868F93DA5179}.Debug|Mixed Platforms.Build.0 = Debug|Win32
		{21E22961-22BF-4493-BD3A-868F93DA5179}.Debug|Win32.ActiveCfg = Debug|Win32
		{21E22961-22BF-4493-BD3A-868F93DA5179}.Debug|Win32.Build.0 = Debug|Win32
		{21E22961-22BF-4493-BD3A-868F93DA5179}.Debug|x86.ActiveCfg = Debug|Win32
		{21E22961-22BF-4493-BD3A-868F93DA5179}.Debug|x86.Build.0 = Debug|Win32
		{21E22961-22BF-4493-BD3A-868F93DA5179}.Release|Any CPU.ActiveCfg = Release|Win32
		{21E22961-22BF-4493-BD3A-868F93DA5179}.Release|Mixed Platforms.ActiveCfg = Release|Win32
		{21E22961-22BF-4493-BD3A-868F93DA5179}.Release|Mixed Platforms.Build.0 = Release|Win32
		{21E22961-22BF-4493-BD3A-868F93DA5179}.Release|Win32.ActiveCfg = Release|Win32
		{21E22961-22BF-4493-BD3A-868F93DA5179}.Release|Win32.Build.0 = Release|Win32
		{21E22961-22BF-4493-BD3A-868F93DA5179}.Release|x86.ActiveCfg = Release|Win32
		{EC8B7909-62AF-470D-A75D-E1D89C837142}.Debug|Any CPU.ActiveCfg = Debug|Win32
		{EC8B7909-62AF-470D-A75D-E1D89C837142}.Debug|Mixed Platforms.ActiveCfg = Debug|Win32
		{EC8B7909-62AF-470D-A75D-E1D89C837142}.Debug|Mixed Platforms.Build.0 = Debug|Win32
		{EC8B7909-62AF-470D-A75D-E1D89C837142}.Debug|Win32.ActiveCfg = Debug|Win32
		{EC8B7909-62AF-470D-A75D-E1D89C837142}.Debug|Win32.Build.0 = Debug|Win32
		{EC8B7909-62AF-470D-A75D-E1D89C837142}.Debug|x86.ActiveCfg = Debug|Win32
		{EC8B7909-62AF-470D-A75D-E1D89C837142}.Debug|x86.Build.0 = Debug|Win32
		{EC8B7909-62AF-470D-A75D-E1D89C837142}.Release|Any CPU.ActiveCfg = Release|Win32
		{EC8B7909-62AF-470D-A75D-E1D89C837142}.Release|Mixed Platforms.ActiveCfg = Release|Win32
		{EC8B7909-62AF-470D-A75D-E1D89C837142}.Release|Mixed Platforms.Build.0 = Release|Win32
		{EC8B7909-62AF-470D-A75D-E1D89C837142}.Release|Win32.ActiveCfg = Release|Win32
		{EC8B7909-62AF-470D-A75D-E1D89C837142}.Release|Win32.Build.0 = Release|Win32
		{EC8B7909-62AF-470D-A75D-E1D89C837142}.Release|x86.ActiveCfg = Release|Win32
	EndGlobalSection
	GlobalSection(SolutionProperties) = preSolution
		HideSolutionNode = FALSE
	EndGlobalSection
EndGlobal
